{
  "version": "5",
  "specifiers": {
    "jsr:@std/cli@*": "1.0.12"
  },
  "jsr": {
    "@std/cli@1.0.12": {
      "integrity": "e5cfb7814d189da174ecd7a34fbbd63f3513e24a1b307feb2fcd5da47a070d90"
    }
  },
  "remote": {
    "https://deno.land/std@0.208.0/dotenv/mod.ts": "039468f5c87d39b69d7ca6c3d68ebca82f206ec0ff5e011d48205eea292ea5a6"
  },
  "workspace": {
    "packageJson": {
      "dependencies": [
        "npm:@types/node@^20.10.0",
        "npm:dotenv@^16.4.5",
        "npm:eslint-config-ponder@0.12",
        "npm:eslint@^8.54.0",
        "npm:hono@^4.5.0",
        "npm:ponder@0.12",
        "npm:prettier@3",
        "npm:tsx@^4.7.0",
        "npm:typescript@^5.3.2",
        "npm:viem@^2.21.3"
      ]
    }
  }
}
